
Microsoft Visual Studio Solution File, Format Version 12.00
# Visual Studio Version 17
VisualStudioVersion = 17.1.32421.90
MinimumVisualStudioVersion = 10.0.40219.1
Project("{FAE04EC0-301F-11D3-BF4B-00C04F79EFBC}") = "Grafika Projekat 2", "Grafika Projekat 2\Grafika Projekat 2.csproj", "{3995D473-2986-498E-B38F-01102FEEB93C}"
EndProject
Project("{FAE04EC0-301F-11D3-BF4B-00C04F79EFBC}") = "Common", "Common\Common.csproj", "{8872785C-6F63-4D82-8FF3-D4C0A9708111}"
EndProject
Global
	GlobalSection(SolutionConfigurationPlatforms) = preSolution
		Debug|Any CPU = Debug|Any CPU
		Release|Any CPU = Release|Any CPU
	EndGlobalSection
	GlobalSection(ProjectConfigurationPlatforms) = postSolution
		{3995D473-2986-498E-B38F-01102FEEB93C}.Debug|Any CPU.ActiveCfg = Debug|Any CPU
		{3995D473-2986-498E-B38F-01102FEEB93C}.Debug|Any CPU.Build.0 = Debug|Any CPU
		{3995D473-2986-498E-B38F-01102FEEB93C}.Release|Any CPU.ActiveCfg = Release|Any CPU
		{3995D473-2986-498E-B38F-01102FEEB93C}.Release|Any CPU.Build.0 = Release|Any CPU
		{8872785C-6F63-4D82-8FF3-D4C0A9708111}.Debug|Any CPU.ActiveCfg = Debug|Any CPU
		{8872785C-6F63-4D82-8FF3-D4C0A9708111}.Debug|Any CPU.Build.0 = Debug|Any CPU
		{8872785C-6F63-4D82-8FF3-D4C0A9708111}.Release|Any CPU.ActiveCfg = Release|Any CPU
		{8872785C-6F63-4D82-8FF3-D4C0A9708111}.Release|Any CPU.Build.0 = Release|Any CPU
	EndGlobalSection
	GlobalSection(SolutionProperties) = preSolution
		HideSolutionNode = FALSE
	EndGlobalSection
	GlobalSection(ExtensibilityGlobals) = postSolution
		SolutionGuid = {52826DD5-7388-4226-B7FB-BD0E6E4BD92C}
	EndGlobalSection
EndGlobal
